Microsoft Visual Studio Solution File, Format Version 12.00
# Visual Studio 2013
VisualStudioVersion = 12.0.30501.0
MinimumVisualStudioVersion = 10.0.40219.1
Project("{2150E333-8FDC-42A3-9474-1A3956D46DE8}") = "test", "test", "{45E57CDC-7178-4915-8D0B-CF80F5E44AF6}"
EndProject
Project("{FAE04EC0-301F-11D3-BF4B-00C04F79EFBC}") = "Microsoft.WindowsAzure.Mobile.Test", "test\Microsoft.WindowsAzure.MobileServices.Test\Microsoft.WindowsAzure.Mobile.Test.csproj", "{D8BBC92A-B213-463B-911D-3A106F91D5F9}"
EndProject
Project("{FAE04EC0-301F-11D3-BF4B-00C04F79EFBC}") = "Microsoft.WindowsAzure.Mobile.TestFramework", "test\Microsoft.WindowsAzure.MobileServices.TestFramework\Microsoft.WindowsAzure.Mobile.TestFramework.csproj", "{A2500BD2-A9A2-4085-9978-DEE3675B02DD}"
EndProject
Project("{FAE04EC0-301F-11D3-BF4B-00C04F79EFBC}") = "Microsoft.WindowsAzure.Mobile.Win8.Test", "test\Microsoft.WindowsAzure.MobileServices.WindowsStore.Test\Microsoft.WindowsAzure.Mobile.Win8.Test.csproj", "{4864F1AA-A4B9-4F32-B319-A9BAC7D1B200}"
EndProject
Project("{FAE04EC0-301F-11D3-BF4B-00C04F79EFBC}") = "Microsoft.WindowsAzure.Mobile.WP8.Test", "test\Microsoft.WindowsAzure.MobileServices.WindowsPhone8.Test\Microsoft.WindowsAzure.Mobile.WP8.Test.csproj", "{46AE537A-1143-48A4-B9A4-4B2C7BD9AB1D}"
EndProject
Project("{2150E333-8FDC-42A3-9474-1A3956D46DE8}") = ".nuget", ".nuget", "{E0DB6669-9295-4034-8E6D-7C4F2ED297DD}"
EndProject
Project("{FAE04EC0-301F-11D3-BF4B-00C04F79EFBC}") = "Microsoft.WindowsAzure.Mobile.Net45.Test", "test\Microsoft.WindowsAzure.Mobile.Net45.Test\Microsoft.WindowsAzure.Mobile.Net45.Test.csproj", "{7C1A9BC1-3E60-4673-AC08-AC8399032D49}"
EndProject
Project("{F184B08F-C81C-45F6-A57F-5ABD9991F28F}") = "Microsoft.WindowsAzure.Mobile.Net45.Vb.Test", "test\Microsoft.WindowsAzure.Mobile.Net45.Vb.Test\Microsoft.WindowsAzure.Mobile.Net45.Vb.Test.vbproj", "{D3C7CD26-984A-46D1-8618-8363199F1573}"
EndProject
Project("{FAE04EC0-301F-11D3-BF4B-00C04F79EFBC}") = "Microsoft.WindowsAzure.Mobile.Android.Test", "test\Microsoft.WindowsAzure.MobileServices.Android.Test\Microsoft.WindowsAzure.Mobile.Android.Test.csproj", "{36A77431-95A0-4AA7-924A-A8F6C6C631C6}"
EndProject
Project("{FAE04EC0-301F-11D3-BF4B-00C04F79EFBC}") = "Microsoft.WindowsAzure.Mobile.iOS.Test", "test\Microsoft.WindowsAzure.MobileServices.iOS.Test\Microsoft.WindowsAzure.Mobile.iOS.Test.csproj", "{977A5F48-B0F3-4860-AA1A-5B3081ED7D98}"
EndProject
Project("{FAE04EC0-301F-11D3-BF4B-00C04F79EFBC}") = "Microsoft.WindowsAzure.Mobile.WP81.Test", "test\Microsoft.WindowsAzure.MobileServices.WindowsPhone81.Test\Microsoft.WindowsAzure.Mobile.WP81.Test.csproj", "{92CD4A69-950A-45FE-B8EA-774BA69E7482}"
EndProject
Global
	GlobalSection(SolutionConfigurationPlatforms) = preSolution
		Debug|Any CPU = Debug|Any CPU
		Debug|ARM = Debug|ARM
		Debug|iPhone = Debug|iPhone
		Debug|iPhoneSimulator = Debug|iPhoneSimulator
		Debug|Mixed Platforms = Debug|Mixed Platforms
		Debug|x64 = Debug|x64
		Debug|x86 = Debug|x86
		Release|Any CPU = Release|Any CPU
		Release|ARM = Release|ARM
		Release|iPhone = Release|iPhone
		Release|iPhoneSimulator = Release|iPhoneSimulator
		Release|Mixed Platforms = Release|Mixed Platforms
		Release|x64 = Release|x64
		Release|x86 = Release|x86
		Signed|Any CPU = Signed|Any CPU
		Signed|ARM = Signed|ARM
		Signed|iPhone = Signed|iPhone
		Signed|iPhoneSimulator = Signed|iPhoneSimulator
		Signed|Mixed Platforms = Signed|Mixed Platforms
		Signed|x64 = Signed|x64
		Signed|x86 = Signed|x86
	EndGlobalSection
	GlobalSection(ProjectConfigurationPlatforms) = postSolution
		{D8BBC92A-B213-463B-911D-3A106F91D5F9}.Debug|Any CPU.ActiveCfg = Debug|Any CPU
		{D8BBC92A-B213-463B-911D-3A106F91D5F9}.Debug|Any CPU.Build.0 = Debug|Any CPU
		{D8BBC92A-B213-463B-911D-3A106F91D5F9}.Debug|ARM.ActiveCfg = Debug|Any CPU
		{D8BBC92A-B213-463B-911D-3A106F91D5F9}.Debug|ARM.Build.0 = Debug|Any CPU
		{D8BBC92A-B213-463B-911D-3A106F91D5F9}.Debug|iPhone.ActiveCfg = Debug|Any CPU
		{D8BBC92A-B213-463B-911D-3A106F91D5F9}.Debug|iPhone.Build.0 = Debug|Any CPU
		{D8BBC92A-B213-463B-911D-3A106F91D5F9}.Debug|iPhoneSimulator.ActiveCfg = Debug|Any CPU
		{D8BBC92A-B213-463B-911D-3A106F91D5F9}.Debug|iPhoneSimulator.Build.0 = Debug|Any CPU
		{D8BBC92A-B213-463B-911D-3A106F91D5F9}.Debug|Mixed Platforms.ActiveCfg = Debug|Any CPU
		{D8BBC92A-B213-463B-911D-3A106F91D5F9}.Debug|Mixed Platforms.Build.0 = Debug|Any CPU
		{D8BBC92A-B213-463B-911D-3A106F91D5F9}.Debug|x64.ActiveCfg = Debug|Any CPU
		{D8BBC92A-B213-463B-911D-3A106F91D5F9}.Debug|x86.ActiveCfg = Debug|Any CPU
		{D8BBC92A-B213-463B-911D-3A106F91D5F9}.Release|Any CPU.ActiveCfg = Release|Any CPU
		{D8BBC92A-B213-463B-911D-3A106F91D5F9}.Release|Any CPU.Build.0 = Release|Any CPU
		{D8BBC92A-B213-463B-911D-3A106F91D5F9}.Release|ARM.ActiveCfg = Release|Any CPU
		{D8BBC92A-B213-463B-911D-3A106F91D5F9}.Release|ARM.Build.0 = Release|Any CPU
		{D8BBC92A-B213-463B-911D-3A106F91D5F9}.Release|iPhone.ActiveCfg = Release|Any CPU
		{D8BBC92A-B213-463B-911D-3A106F91D5F9}.Release|iPhone.Build.0 = Release|Any CPU
		{D8BBC92A-B213-463B-911D-3A106F91D5F9}.Release|iPhoneSimulator.ActiveCfg = Release|Any CPU
		{D8BBC92A-B213-463B-911D-3A106F91D5F9}.Release|iPhoneSimulator.Build.0 = Release|Any CPU
		{D8BBC92A-B213-463B-911D-3A106F91D5F9}.Release|Mixed Platforms.ActiveCfg = Release|Any CPU
		{D8BBC92A-B213-463B-911D-3A106F91D5F9}.Release|Mixed Platforms.Build.0 = Release|Any CPU
		{D8BBC92A-B213-463B-911D-3A106F91D5F9}.Release|x64.ActiveCfg = Release|Any CPU
		{D8BBC92A-B213-463B-911D-3A106F91D5F9}.Release|x86.ActiveCfg = Release|Any CPU
		{D8BBC92A-B213-463B-911D-3A106F91D5F9}.Signed|Any CPU.ActiveCfg = Release|Any CPU
		{D8BBC92A-B213-463B-911D-3A106F91D5F9}.Signed|Any CPU.Build.0 = Release|Any CPU
		{D8BBC92A-B213-463B-911D-3A106F91D5F9}.Signed|ARM.ActiveCfg = Release|Any CPU
		{D8BBC92A-B213-463B-911D-3A106F91D5F9}.Signed|ARM.Build.0 = Release|Any CPU
		{D8BBC92A-B213-463B-911D-3A106F91D5F9}.Signed|iPhone.ActiveCfg = Release|Any CPU
		{D8BBC92A-B213-463B-911D-3A106F91D5F9}.Signed|iPhoneSimulator.ActiveCfg = Release|Any CPU
		{D8BBC92A-B213-463B-911D-3A106F91D5F9}.Signed|Mixed Platforms.ActiveCfg = Release|Any CPU
		{D8BBC92A-B213-463B-911D-3A106F91D5F9}.Signed|Mixed Platforms.Build.0 = Release|Any CPU
		{D8BBC92A-B213-463B-911D-3A106F91D5F9}.Signed|x64.ActiveCfg = Release|Any CPU
		{D8BBC92A-B213-463B-911D-3A106F91D5F9}.Signed|x86.ActiveCfg = Release|Any CPU
		{A2500BD2-A9A2-4085-9978-DEE3675B02DD}.Debug|Any CPU.ActiveCfg = Debug|Any CPU
		{A2500BD2-A9A2-4085-9978-DEE3675B02DD}.Debug|Any CPU.Build.0 = Debug|Any CPU
		{A2500BD2-A9A2-4085-9978-DEE3675B02DD}.Debug|ARM.ActiveCfg = Debug|Any CPU
		{A2500BD2-A9A2-4085-9978-DEE3675B02DD}.Debug|ARM.Build.0 = Debug|Any CPU
		{A2500BD2-A9A2-4085-9978-DEE3675B02DD}.Debug|iPhone.ActiveCfg = Debug|Any CPU
		{A2500BD2-A9A2-4085-9978-DEE3675B02DD}.Debug|iPhone.Build.0 = Debug|Any CPU
		{A2500BD2-A9A2-4085-9978-DEE3675B02DD}.Debug|iPhoneSimulator.ActiveCfg = Debug|Any CPU
		{A2500BD2-A9A2-4085-9978-DEE3675B02DD}.Debug|iPhoneSimulator.Build.0 = Debug|Any CPU
		{A2500BD2-A9A2-4085-9978-DEE3675B02DD}.Debug|Mixed Platforms.ActiveCfg = Debug|Any CPU
		{A2500BD2-A9A2-4085-9978-DEE3675B02DD}.Debug|Mixed Platforms.Build.0 = Debug|Any CPU
		{A2500BD2-A9A2-4085-9978-DEE3675B02DD}.Debug|x64.ActiveCfg = Debug|Any CPU
		{A2500BD2-A9A2-4085-9978-DEE3675B02DD}.Debug|x86.ActiveCfg = Debug|Any CPU
		{A2500BD2-A9A2-4085-9978-DEE3675B02DD}.Release|Any CPU.ActiveCfg = Release|Any CPU
		{A2500BD2-A9A2-4085-9978-DEE3675B02DD}.Release|Any CPU.Build.0 = Release|Any CPU
		{A2500BD2-A9A2-4085-9978-DEE3675B02DD}.Release|ARM.ActiveCfg = Release|Any CPU
		{A2500BD2-A9A2-4085-9978-DEE3675B02DD}.Release|ARM.Build.0 = Release|Any CPU
		{A2500BD2-A9A2-4085-9978-DEE3675B02DD}.Release|iPhone.ActiveCfg = Release|Any CPU
		{A2500BD2-A9A2-4085-9978-DEE3675B02DD}.Release|iPhone.Build.0 = Release|Any CPU
		{A2500BD2-A9A2-4085-9978-DEE3675B02DD}.Release|iPhoneSimulator.ActiveCfg = Release|Any CPU
		{A2500BD2-A9A2-4085-9978-DEE3675B02DD}.Release|iPhoneSimulator.Build.0 = Release|Any CPU
		{A2500BD2-A9A2-4085-9978-DEE3675B02DD}.Release|Mixed Platforms.ActiveCfg = Release|Any CPU
		{A2500BD2-A9A2-4085-9978-DEE3675B02DD}.Release|Mixed Platforms.Build.0 = Release|Any CPU
		{A2500BD2-A9A2-4085-9978-DEE3675B02DD}.Release|x64.ActiveCfg = Release|Any CPU
		{A2500BD2-A9A2-4085-9978-DEE3675B02DD}.Release|x86.ActiveCfg = Release|Any CPU
		{A2500BD2-A9A2-4085-9978-DEE3675B02DD}.Signed|Any CPU.ActiveCfg = Release|Any CPU
		{A2500BD2-A9A2-4085-9978-DEE3675B02DD}.Signed|Any CPU.Build.0 = Release|Any CPU
		{A2500BD2-A9A2-4085-9978-DEE3675B02DD}.Signed|ARM.ActiveCfg = Release|Any CPU
		{A2500BD2-A9A2-4085-9978-DEE3675B02DD}.Signed|ARM.Build.0 = Release|Any CPU
		{A2500BD2-A9A2-4085-9978-DEE3675B02DD}.Signed|iPhone.ActiveCfg = Release|Any CPU
		{A2500BD2-A9A2-4085-9978-DEE3675B02DD}.Signed|iPhoneSimulator.ActiveCfg = Release|Any CPU
		{A2500BD2-A9A2-4085-9978-DEE3675B02DD}.Signed|Mixed Platforms.ActiveCfg = Release|Any CPU
		{A2500BD2-A9A2-4085-9978-DEE3675B02DD}.Signed|Mixed Platforms.Build.0 = Release|Any CPU
		{A2500BD2-A9A2-4085-9978-DEE3675B02DD}.Signed|x64.ActiveCfg = Release|Any CPU
		{A2500BD2-A9A2-4085-9978-DEE3675B02DD}.Signed|x86.ActiveCfg = Release|Any CPU
		{4864F1AA-A4B9-4F32-B319-A9BAC7D1B200}.Debug|Any CPU.ActiveCfg = Debug|Any CPU
		{4864F1AA-A4B9-4F32-B319-A9BAC7D1B200}.Debug|Any CPU.Build.0 = Debug|Any CPU
		{4864F1AA-A4B9-4F32-B319-A9BAC7D1B200}.Debug|Any CPU.Deploy.0 = Debug|Any CPU
		{4864F1AA-A4B9-4F32-B319-A9BAC7D1B200}.Debug|ARM.ActiveCfg = Debug|ARM
		{4864F1AA-A4B9-4F32-B319-A9BAC7D1B200}.Debug|ARM.Build.0 = Debug|ARM
		{4864F1AA-A4B9-4F32-B319-A9BAC7D1B200}.Debug|ARM.Deploy.0 = Debug|ARM
		{4864F1AA-A4B9-4F32-B319-A9BAC7D1B200}.Debug|iPhone.ActiveCfg = Debug|Any CPU
		{4864F1AA-A4B9-4F32-B319-A9BAC7D1B200}.Debug|iPhoneSimulator.ActiveCfg = Debug|Any CPU
		{4864F1AA-A4B9-4F32-B319-A9BAC7D1B200}.Debug|Mixed Platforms.ActiveCfg = Debug|x86
		{4864F1AA-A4B9-4F32-B319-A9BAC7D1B200}.Debug|Mixed Platforms.Build.0 = Debug|x86
		{4864F1AA-A4B9-4F32-B319-A9BAC7D1B200}.Debug|Mixed Platforms.Deploy.0 = Debug|x86
		{4864F1AA-A4B9-4F32-B319-A9BAC7D1B200}.Debug|x64.ActiveCfg = Debug|x64
		{4864F1AA-A4B9-4F32-B319-A9BAC7D1B200}.Debug|x64.Build.0 = Debug|x64
		{4864F1AA-A4B9-4F32-B319-A9BAC7D1B200}.Debug|x64.Deploy.0 = Debug|x64
		{4864F1AA-A4B9-4F32-B319-A9BAC7D1B200}.Debug|x86.ActiveCfg = Debug|x86
		{4864F1AA-A4B9-4F32-B319-A9BAC7D1B200}.Debug|x86.Build.0 = Debug|x86
		{4864F1AA-A4B9-4F32-B319-A9BAC7D1B200}.Debug|x86.Deploy.0 = Debug|x86
		{4864F1AA-A4B9-4F32-B319-A9BAC7D1B200}.Release|Any CPU.ActiveCfg = Release|Any CPU
		{4864F1AA-A4B9-4F32-B319-A9BAC7D1B200}.Release|Any CPU.Build.0 = Release|Any CPU
		{4864F1AA-A4B9-4F32-B319-A9BAC7D1B200}.Release|Any CPU.Deploy.0 = Release|Any CPU
		{4864F1AA-A4B9-4F32-B319-A9BAC7D1B200}.Release|ARM.ActiveCfg = Release|ARM
		{4864F1AA-A4B9-4F32-B319-A9BAC7D1B200}.Release|ARM.Build.0 = Release|ARM
		{4864F1AA-A4B9-4F32-B319-A9BAC7D1B200}.Release|ARM.Deploy.0 = Release|ARM
		{4864F1AA-A4B9-4F32-B319-A9BAC7D1B200}.Release|iPhone.ActiveCfg = Release|Any CPU
		{4864F1AA-A4B9-4F32-B319-A9BAC7D1B200}.Release|iPhoneSimulator.ActiveCfg = Release|Any CPU
		{4864F1AA-A4B9-4F32-B319-A9BAC7D1B200}.Release|Mixed Platforms.ActiveCfg = Release|x86
		{4864F1AA-A4B9-4F32-B319-A9BAC7D1B200}.Release|Mixed Platforms.Build.0 = Release|x86
		{4864F1AA-A4B9-4F32-B319-A9BAC7D1B200}.Release|Mixed Platforms.Deploy.0 = Release|x86
		{4864F1AA-A4B9-4F32-B319-A9BAC7D1B200}.Release|x64.ActiveCfg = Release|x64
		{4864F1AA-A4B9-4F32-B319-A9BAC7D1B200}.Release|x64.Build.0 = Release|x64
		{4864F1AA-A4B9-4F32-B319-A9BAC7D1B200}.Release|x64.Deploy.0 = Release|x64
		{4864F1AA-A4B9-4F32-B319-A9BAC7D1B200}.Release|x86.ActiveCfg = Release|x86
		{4864F1AA-A4B9-4F32-B319-A9BAC7D1B200}.Release|x86.Build.0 = Release|x86
		{4864F1AA-A4B9-4F32-B319-A9BAC7D1B200}.Release|x86.Deploy.0 = Release|x86
		{4864F1AA-A4B9-4F32-B319-A9BAC7D1B200}.Signed|Any CPU.ActiveCfg = Release|Any CPU
		{4864F1AA-A4B9-4F32-B319-A9BAC7D1B200}.Signed|Any CPU.Build.0 = Release|Any CPU
		{4864F1AA-A4B9-4F32-B319-A9BAC7D1B200}.Signed|Any CPU.Deploy.0 = Release|Any CPU
		{4864F1AA-A4B9-4F32-B319-A9BAC7D1B200}.Signed|ARM.ActiveCfg = Release|ARM
		{4864F1AA-A4B9-4F32-B319-A9BAC7D1B200}.Signed|ARM.Build.0 = Release|ARM
		{4864F1AA-A4B9-4F32-B319-A9BAC7D1B200}.Signed|ARM.Deploy.0 = Release|ARM
		{4864F1AA-A4B9-4F32-B319-A9BAC7D1B200}.Signed|iPhone.ActiveCfg = Release|Any CPU
		{4864F1AA-A4B9-4F32-B319-A9BAC7D1B200}.Signed|iPhoneSimulator.ActiveCfg = Release|Any CPU
		{4864F1AA-A4B9-4F32-B319-A9BAC7D1B200}.Signed|Mixed Platforms.ActiveCfg = Release|x86
		{4864F1AA-A4B9-4F32-B319-A9BAC7D1B200}.Signed|Mixed Platforms.Build.0 = Release|x86
		{4864F1AA-A4B9-4F32-B319-A9BAC7D1B200}.Signed|Mixed Platforms.Deploy.0 = Release|x86
		{4864F1AA-A4B9-4F32-B319-A9BAC7D1B200}.Signed|x64.ActiveCfg = Release|x64
		{4864F1AA-A4B9-4F32-B319-A9BAC7D1B200}.Signed|x64.Build.0 = Release|x64
		{4864F1AA-A4B9-4F32-B319-A9BAC7D1B200}.Signed|x64.Deploy.0 = Release|x64
		{4864F1AA-A4B9-4F32-B319-A9BAC7D1B200}.Signed|x86.ActiveCfg = Release|x86
		{4864F1AA-A4B9-4F32-B319-A9BAC7D1B200}.Signed|x86.Build.0 = Release|x86
		{4864F1AA-A4B9-4F32-B319-A9BAC7D1B200}.Signed|x86.Deploy.0 = Release|x86
		{46AE537A-1143-48A4-B9A4-4B2C7BD9AB1D}.Debug|Any CPU.ActiveCfg = Debug|Any CPU
		{46AE537A-1143-48A4-B9A4-4B2C7BD9AB1D}.Debug|Any CPU.Build.0 = Debug|Any CPU
		{46AE537A-1143-48A4-B9A4-4B2C7BD9AB1D}.Debug|Any CPU.Deploy.0 = Debug|Any CPU
		{46AE537A-1143-48A4-B9A4-4B2C7BD9AB1D}.Debug|ARM.ActiveCfg = Debug|ARM
		{46AE537A-1143-48A4-B9A4-4B2C7BD9AB1D}.Debug|ARM.Build.0 = Debug|ARM
		{46AE537A-1143-48A4-B9A4-4B2C7BD9AB1D}.Debug|ARM.Deploy.0 = Debug|ARM
		{46AE537A-1143-48A4-B9A4-4B2C7BD9AB1D}.Debug|iPhone.ActiveCfg = Debug|Any CPU
		{46AE537A-1143-48A4-B9A4-4B2C7BD9AB1D}.Debug|iPhoneSimulator.ActiveCfg = Debug|Any CPU
		{46AE537A-1143-48A4-B9A4-4B2C7BD9AB1D}.Debug|Mixed Platforms.ActiveCfg = Debug|x86
		{46AE537A-1143-48A4-B9A4-4B2C7BD9AB1D}.Debug|Mixed Platforms.Build.0 = Debug|x86
		{46AE537A-1143-48A4-B9A4-4B2C7BD9AB1D}.Debug|Mixed Platforms.Deploy.0 = Debug|x86
		{46AE537A-1143-48A4-B9A4-4B2C7BD9AB1D}.Debug|x64.ActiveCfg = Debug|Any CPU
		{46AE537A-1143-48A4-B9A4-4B2C7BD9AB1D}.Debug|x86.ActiveCfg = Debug|x86
		{46AE537A-1143-48A4-B9A4-4B2C7BD9AB1D}.Debug|x86.Build.0 = Debug|x86
		{46AE537A-1143-48A4-B9A4-4B2C7BD9AB1D}.Debug|x86.Deploy.0 = Debug|x86
		{46AE537A-1143-48A4-B9A4-4B2C7BD9AB1D}.Release|Any CPU.ActiveCfg = Release|Any CPU
		{46AE537A-1143-48A4-B9A4-4B2C7BD9AB1D}.Release|Any CPU.Build.0 = Release|Any CPU
		{46AE537A-1143-48A4-B9A4-4B2C7BD9AB1D}.Release|Any CPU.Deploy.0 = Release|Any CPU
		{46AE537A-1143-48A4-B9A4-4B2C7BD9AB1D}.Release|ARM.ActiveCfg = Release|ARM
		{46AE537A-1143-48A4-B9A4-4B2C7BD9AB1D}.Release|ARM.Build.0 = Release|ARM
		{46AE537A-1143-48A4-B9A4-4B2C7BD9AB1D}.Release|ARM.Deploy.0 = Release|ARM
		{46AE537A-1143-48A4-B9A4-4B2C7BD9AB1D}.Release|iPhone.ActiveCfg = Release|Any CPU
		{46AE537A-1143-48A4-B9A4-4B2C7BD9AB1D}.Release|iPhoneSimulator.ActiveCfg = Release|Any CPU
		{46AE537A-1143-48A4-B9A4-4B2C7BD9AB1D}.Release|Mixed Platforms.ActiveCfg = Release|x86
		{46AE537A-1143-48A4-B9A4-4B2C7BD9AB1D}.Release|Mixed Platforms.Build.0 = Release|x86
		{46AE537A-1143-48A4-B9A4-4B2C7BD9AB1D}.Release|Mixed Platforms.Deploy.0 = Release|x86
		{46AE537A-1143-48A4-B9A4-4B2C7BD9AB1D}.Release|x64.ActiveCfg = Release|Any CPU
		{46AE537A-1143-48A4-B9A4-4B2C7BD9AB1D}.Release|x86.ActiveCfg = Release|x86
		{46AE537A-1143-48A4-B9A4-4B2C7BD9AB1D}.Release|x86.Build.0 = Release|x86
		{46AE537A-1143-48A4-B9A4-4B2C7BD9AB1D}.Release|x86.Deploy.0 = Release|x86
		{46AE537A-1143-48A4-B9A4-4B2C7BD9AB1D}.Signed|Any CPU.ActiveCfg = Release|Any CPU
		{46AE537A-1143-48A4-B9A4-4B2C7BD9AB1D}.Signed|Any CPU.Build.0 = Release|Any CPU
		{46AE537A-1143-48A4-B9A4-4B2C7BD9AB1D}.Signed|Any CPU.Deploy.0 = Release|Any CPU
		{46AE537A-1143-48A4-B9A4-4B2C7BD9AB1D}.Signed|ARM.ActiveCfg = Release|ARM
		{46AE537A-1143-48A4-B9A4-4B2C7BD9AB1D}.Signed|ARM.Build.0 = Release|ARM
		{46AE537A-1143-48A4-B9A4-4B2C7BD9AB1D}.Signed|ARM.Deploy.0 = Release|ARM
		{46AE537A-1143-48A4-B9A4-4B2C7BD9AB1D}.Signed|iPhone.ActiveCfg = Release|Any CPU
		{46AE537A-1143-48A4-B9A4-4B2C7BD9AB1D}.Signed|iPhoneSimulator.ActiveCfg = Release|Any CPU
		{46AE537A-1143-48A4-B9A4-4B2C7BD9AB1D}.Signed|Mixed Platforms.ActiveCfg = Release|x86
		{46AE537A-1143-48A4-B9A4-4B2C7BD9AB1D}.Signed|Mixed Platforms.Build.0 = Release|x86
		{46AE537A-1143-48A4-B9A4-4B2C7BD9AB1D}.Signed|Mixed Platforms.Deploy.0 = Release|x86
		{46AE537A-1143-48A4-B9A4-4B2C7BD9AB1D}.Signed|x64.ActiveCfg = Release|Any CPU
		{46AE537A-1143-48A4-B9A4-4B2C7BD9AB1D}.Signed|x86.ActiveCfg = Release|x86
		{46AE537A-1143-48A4-B9A4-4B2C7BD9AB1D}.Signed|x86.Build.0 = Release|x86
		{46AE537A-1143-48A4-B9A4-4B2C7BD9AB1D}.Signed|x86.Deploy.0 = Release|x86
		{7C1A9BC1-3E60-4673-AC08-AC8399032D49}.Debug|Any CPU.ActiveCfg = Debug|Any CPU
		{7C1A9BC1-3E60-4673-AC08-AC8399032D49}.Debug|Any CPU.Build.0 = Debug|Any CPU
		{7C1A9BC1-3E60-4673-AC08-AC8399032D49}.Debug|ARM.ActiveCfg = Debug|Any CPU
		{7C1A9BC1-3E60-4673-AC08-AC8399032D49}.Debug|iPhone.ActiveCfg = Debug|Any CPU
		{7C1A9BC1-3E60-4673-AC08-AC8399032D49}.Debug|iPhoneSimulator.ActiveCfg = Debug|Any CPU
		{7C1A9BC1-3E60-4673-AC08-AC8399032D49}.Debug|Mixed Platforms.ActiveCfg = Debug|Any CPU
		{7C1A9BC1-3E60-4673-AC08-AC8399032D49}.Debug|Mixed Platforms.Build.0 = Debug|Any CPU
		{7C1A9BC1-3E60-4673-AC08-AC8399032D49}.Debug|x64.ActiveCfg = Debug|Any CPU
		{7C1A9BC1-3E60-4673-AC08-AC8399032D49}.Debug|x86.ActiveCfg = Debug|Any CPU
		{7C1A9BC1-3E60-4673-AC08-AC8399032D49}.Release|Any CPU.ActiveCfg = Release|Any CPU
		{7C1A9BC1-3E60-4673-AC08-AC8399032D49}.Release|Any CPU.Build.0 = Release|Any CPU
		{7C1A9BC1-3E60-4673-AC08-AC8399032D49}.Release|ARM.ActiveCfg = Release|Any CPU
		{7C1A9BC1-3E60-4673-AC08-AC8399032D49}.Release|iPhone.ActiveCfg = Release|Any CPU
		{7C1A9BC1-3E60-4673-AC08-AC8399032D49}.Release|iPhoneSimulator.ActiveCfg = Release|Any CPU
		{7C1A9BC1-3E60-4673-AC08-AC8399032D49}.Release|Mixed Platforms.ActiveCfg = Release|Any CPU
		{7C1A9BC1-3E60-4673-AC08-AC8399032D49}.Release|Mixed Platforms.Build.0 = Release|Any CPU
		{7C1A9BC1-3E60-4673-AC08-AC8399032D49}.Release|x64.ActiveCfg = Release|Any CPU
		{7C1A9BC1-3E60-4673-AC08-AC8399032D49}.Release|x86.ActiveCfg = Release|Any CPU
		{7C1A9BC1-3E60-4673-AC08-AC8399032D49}.Signed|Any CPU.ActiveCfg = Release|Any CPU
		{7C1A9BC1-3E60-4673-AC08-AC8399032D49}.Signed|Any CPU.Build.0 = Release|Any CPU
		{7C1A9BC1-3E60-4673-AC08-AC8399032D49}.Signed|ARM.ActiveCfg = Release|Any CPU
		{7C1A9BC1-3E60-4673-AC08-AC8399032D49}.Signed|iPhone.ActiveCfg = Release|Any CPU
		{7C1A9BC1-3E60-4673-AC08-AC8399032D49}.Signed|iPhoneSimulator.ActiveCfg = Release|Any CPU
		{7C1A9BC1-3E60-4673-AC08-AC8399032D49}.Signed|Mixed Platforms.ActiveCfg = Release|Any CPU
		{7C1A9BC1-3E60-4673-AC08-AC8399032D49}.Signed|Mixed Platforms.Build.0 = Release|Any CPU
		{7C1A9BC1-3E60-4673-AC08-AC8399032D49}.Signed|x64.ActiveCfg = Release|Any CPU
		{7C1A9BC1-3E60-4673-AC08-AC8399032D49}.Signed|x86.ActiveCfg = Release|Any CPU
		{D3C7CD26-984A-46D1-8618-8363199F1573}.Debug|Any CPU.ActiveCfg = Debug|Any CPU
		{D3C7CD26-984A-46D1-8618-8363199F1573}.Debug|Any CPU.Build.0 = Debug|Any CPU
		{D3C7CD26-984A-46D1-8618-8363199F1573}.Debug|ARM.ActiveCfg = Debug|Any CPU
		{D3C7CD26-984A-46D1-8618-8363199F1573}.Debug|iPhone.ActiveCfg = Debug|Any CPU
		{D3C7CD26-984A-46D1-8618-8363199F1573}.Debug|iPhoneSimulator.ActiveCfg = Debug|Any CPU
		{D3C7CD26-984A-46D1-8618-8363199F1573}.Debug|Mixed Platforms.ActiveCfg = Debug|Any CPU
		{D3C7CD26-984A-46D1-8618-8363199F1573}.Debug|Mixed Platforms.Build.0 = Debug|Any CPU
		{D3C7CD26-984A-46D1-8618-8363199F1573}.Debug|x64.ActiveCfg = Debug|Any CPU
		{D3C7CD26-984A-46D1-8618-8363199F1573}.Debug|x86.ActiveCfg = Debug|Any CPU
		{D3C7CD26-984A-46D1-8618-8363199F1573}.Release|Any CPU.ActiveCfg = Release|Any CPU
		{D3C7CD26-984A-46D1-8618-8363199F1573}.Release|Any CPU.Build.0 = Release|Any CPU
		{D3C7CD26-984A-46D1-8618-8363199F1573}.Release|ARM.ActiveCfg = Release|Any CPU
		{D3C7CD26-984A-46D1-8618-8363199F1573}.Release|iPhone.ActiveCfg = Release|Any CPU
		{D3C7CD26-984A-46D1-8618-8363199F1573}.Release|iPhoneSimulator.ActiveCfg = Release|Any CPU
		{D3C7CD26-984A-46D1-8618-8363199F1573}.Release|Mixed Platforms.ActiveCfg = Release|Any CPU
		{D3C7CD26-984A-46D1-8618-8363199F1573}.Release|Mixed Platforms.Build.0 = Release|Any CPU
		{D3C7CD26-984A-46D1-8618-8363199F1573}.Release|x64.ActiveCfg = Release|Any CPU
		{D3C7CD26-984A-46D1-8618-8363199F1573}.Release|x86.ActiveCfg = Release|Any CPU
		{D3C7CD26-984A-46D1-8618-8363199F1573}.Signed|Any CPU.ActiveCfg = Release|Any CPU
		{D3C7CD26-984A-46D1-8618-8363199F1573}.Signed|Any CPU.Build.0 = Release|Any CPU
		{D3C7CD26-984A-46D1-8618-8363199F1573}.Signed|ARM.ActiveCfg = Release|Any CPU
		{D3C7CD26-984A-46D1-8618-8363199F1573}.Signed|iPhone.ActiveCfg = Release|Any CPU
		{D3C7CD26-984A-46D1-8618-8363199F1573}.Signed|iPhoneSimulator.ActiveCfg = Release|Any CPU
		{D3C7CD26-984A-46D1-8618-8363199F1573}.Signed|Mixed Platforms.ActiveCfg = Release|Any CPU
		{D3C7CD26-984A-46D1-8618-8363199F1573}.Signed|Mixed Platforms.Build.0 = Release|Any CPU
		{D3C7CD26-984A-46D1-8618-8363199F1573}.Signed|x64.ActiveCfg = Release|Any CPU
		{D3C7CD26-984A-46D1-8618-8363199F1573}.Signed|x86.ActiveCfg = Release|Any CPU
		{36A77431-95A0-4AA7-924A-A8F6C6C631C6}.Debug|Any CPU.ActiveCfg = Debug|Any CPU
		{36A77431-95A0-4AA7-924A-A8F6C6C631C6}.Debug|Any CPU.Build.0 = Debug|Any CPU
		{36A77431-95A0-4AA7-924A-A8F6C6C631C6}.Debug|Any CPU.Deploy.0 = Debug|Any CPU
		{36A77431-95A0-4AA7-924A-A8F6C6C631C6}.Debug|ARM.ActiveCfg = Debug|Any CPU
		{36A77431-95A0-4AA7-924A-A8F6C6C631C6}.Debug|ARM.Build.0 = Debug|Any CPU
		{36A77431-95A0-4AA7-924A-A8F6C6C631C6}.Debug|ARM.Deploy.0 = Debug|Any CPU
		{36A77431-95A0-4AA7-924A-A8F6C6C631C6}.Debug|iPhone.ActiveCfg = Debug|Any CPU
		{36A77431-95A0-4AA7-924A-A8F6C6C631C6}.Debug|iPhoneSimulator.ActiveCfg = Debug|Any CPU
		{36A77431-95A0-4AA7-924A-A8F6C6C631C6}.Debug|Mixed Platforms.ActiveCfg = Debug|Any CPU
		{36A77431-95A0-4AA7-924A-A8F6C6C631C6}.Debug|Mixed Platforms.Build.0 = Debug|Any CPU
		{36A77431-95A0-4AA7-924A-A8F6C6C631C6}.Debug|Mixed Platforms.Deploy.0 = Debug|Any CPU
		{36A77431-95A0-4AA7-924A-A8F6C6C631C6}.Debug|x64.ActiveCfg = Debug|Any CPU
		{36A77431-95A0-4AA7-924A-A8F6C6C631C6}.Debug|x86.ActiveCfg = Debug|Any CPU
		{36A77431-95A0-4AA7-924A-A8F6C6C631C6}.Release|Any CPU.ActiveCfg = Release|Any CPU
		{36A77431-95A0-4AA7-924A-A8F6C6C631C6}.Release|Any CPU.Build.0 = Release|Any CPU
		{36A77431-95A0-4AA7-924A-A8F6C6C631C6}.Release|Any CPU.Deploy.0 = Release|Any CPU
		{36A77431-95A0-4AA7-924A-A8F6C6C631C6}.Release|ARM.ActiveCfg = Release|Any CPU
		{36A77431-95A0-4AA7-924A-A8F6C6C631C6}.Release|ARM.Build.0 = Release|Any CPU
		{36A77431-95A0-4AA7-924A-A8F6C6C631C6}.Release|ARM.Deploy.0 = Release|Any CPU
		{36A77431-95A0-4AA7-924A-A8F6C6C631C6}.Release|iPhone.ActiveCfg = Release|Any CPU
		{36A77431-95A0-4AA7-924A-A8F6C6C631C6}.Release|iPhoneSimulator.ActiveCfg = Release|Any CPU
		{36A77431-95A0-4AA7-924A-A8F6C6C631C6}.Release|Mixed Platforms.ActiveCfg = Release|Any CPU
		{36A77431-95A0-4AA7-924A-A8F6C6C631C6}.Release|Mixed Platforms.Build.0 = Release|Any CPU
		{36A77431-95A0-4AA7-924A-A8F6C6C631C6}.Release|Mixed Platforms.Deploy.0 = Release|Any CPU
		{36A77431-95A0-4AA7-924A-A8F6C6C631C6}.Release|x64.ActiveCfg = Release|Any CPU
		{36A77431-95A0-4AA7-924A-A8F6C6C631C6}.Release|x86.ActiveCfg = Release|Any CPU
		{36A77431-95A0-4AA7-924A-A8F6C6C631C6}.Signed|Any CPU.ActiveCfg = Release|Any CPU
		{36A77431-95A0-4AA7-924A-A8F6C6C631C6}.Signed|Any CPU.Build.0 = Release|Any CPU
		{36A77431-95A0-4AA7-924A-A8F6C6C631C6}.Signed|Any CPU.Deploy.0 = Release|Any CPU
		{36A77431-95A0-4AA7-924A-A8F6C6C631C6}.Signed|ARM.ActiveCfg = Release|Any CPU
		{36A77431-95A0-4AA7-924A-A8F6C6C631C6}.Signed|ARM.Build.0 = Release|Any CPU
		{36A77431-95A0-4AA7-924A-A8F6C6C631C6}.Signed|ARM.Deploy.0 = Release|Any CPU
		{36A77431-95A0-4AA7-924A-A8F6C6C631C6}.Signed|iPhone.ActiveCfg = Release|Any CPU
		{36A77431-95A0-4AA7-924A-A8F6C6C631C6}.Signed|iPhoneSimulator.ActiveCfg = Release|Any CPU
		{36A77431-95A0-4AA7-924A-A8F6C6C631C6}.Signed|Mixed Platforms.ActiveCfg = Release|Any CPU
		{36A77431-95A0-4AA7-924A-A8F6C6C631C6}.Signed|Mixed Platforms.Build.0 = Release|Any CPU
		{36A77431-95A0-4AA7-924A-A8F6C6C631C6}.Signed|Mixed Platforms.Deploy.0 = Release|Any CPU
		{36A77431-95A0-4AA7-924A-A8F6C6C631C6}.Signed|x64.ActiveCfg = Release|Any CPU
		{36A77431-95A0-4AA7-924A-A8F6C6C631C6}.Signed|x86.ActiveCfg = Release|Any CPU
		{977A5F48-B0F3-4860-AA1A-5B3081ED7D98}.Debug|Any CPU.ActiveCfg = Debug|iPhoneSimulator
		{977A5F48-B0F3-4860-AA1A-5B3081ED7D98}.Debug|Any CPU.Build.0 = Debug|iPhoneSimulator
		{977A5F48-B0F3-4860-AA1A-5B3081ED7D98}.Debug|Any CPU.Deploy.0 = Debug|iPhoneSimulator
		{977A5F48-B0F3-4860-AA1A-5B3081ED7D98}.Debug|ARM.ActiveCfg = Debug|iPhone
		{977A5F48-B0F3-4860-AA1A-5B3081ED7D98}.Debug|ARM.Build.0 = Debug|iPhone
		{977A5F48-B0F3-4860-AA1A-5B3081ED7D98}.Debug|ARM.Deploy.0 = Debug|iPhone
		{977A5F48-B0F3-4860-AA1A-5B3081ED7D98}.Debug|iPhone.ActiveCfg = Debug|iPhone
		{977A5F48-B0F3-4860-AA1A-5B3081ED7D98}.Debug|iPhone.Build.0 = Debug|iPhone
		{977A5F48-B0F3-4860-AA1A-5B3081ED7D98}.Debug|iPhone.Deploy.0 = Debug|iPhone
		{977A5F48-B0F3-4860-AA1A-5B3081ED7D98}.Debug|iPhoneSimulator.ActiveCfg = Debug|iPhoneSimulator
		{977A5F48-B0F3-4860-AA1A-5B3081ED7D98}.Debug|iPhoneSimulator.Build.0 = Debug|iPhoneSimulator
		{977A5F48-B0F3-4860-AA1A-5B3081ED7D98}.Debug|iPhoneSimulator.Deploy.0 = Debug|iPhoneSimulator
		{977A5F48-B0F3-4860-AA1A-5B3081ED7D98}.Debug|Mixed Platforms.ActiveCfg = Debug|iPhoneSimulator
		{977A5F48-B0F3-4860-AA1A-5B3081ED7D98}.Debug|Mixed Platforms.Build.0 = Debug|iPhoneSimulator
		{977A5F48-B0F3-4860-AA1A-5B3081ED7D98}.Debug|Mixed Platforms.Deploy.0 = Debug|iPhoneSimulator
		{977A5F48-B0F3-4860-AA1A-5B3081ED7D98}.Debug|x64.ActiveCfg = Debug|iPhone
		{977A5F48-B0F3-4860-AA1A-5B3081ED7D98}.Debug|x86.ActiveCfg = Debug|iPhoneSimulator
		{977A5F48-B0F3-4860-AA1A-5B3081ED7D98}.Release|Any CPU.ActiveCfg = Release|iPhoneSimulator
		{977A5F48-B0F3-4860-AA1A-5B3081ED7D98}.Release|ARM.ActiveCfg = Release|iPhone
		{977A5F48-B0F3-4860-AA1A-5B3081ED7D98}.Release|ARM.Build.0 = Release|iPhone
		{977A5F48-B0F3-4860-AA1A-5B3081ED7D98}.Release|ARM.Deploy.0 = Release|iPhone
		{977A5F48-B0F3-4860-AA1A-5B3081ED7D98}.Release|iPhone.ActiveCfg = Release|iPhone
		{977A5F48-B0F3-4860-AA1A-5B3081ED7D98}.Release|iPhone.Build.0 = Release|iPhone
		{977A5F48-B0F3-4860-AA1A-5B3081ED7D98}.Release|iPhoneSimulator.ActiveCfg = Release|iPhoneSimulator
		{977A5F48-B0F3-4860-AA1A-5B3081ED7D98}.Release|iPhoneSimulator.Build.0 = Release|iPhoneSimulator
		{977A5F48-B0F3-4860-AA1A-5B3081ED7D98}.Release|Mixed Platforms.ActiveCfg = Release|iPhoneSimulator
		{977A5F48-B0F3-4860-AA1A-5B3081ED7D98}.Release|Mixed Platforms.Build.0 = Release|iPhoneSimulator
		{977A5F48-B0F3-4860-AA1A-5B3081ED7D98}.Release|Mixed Platforms.Deploy.0 = Release|iPhoneSimulator
		{977A5F48-B0F3-4860-AA1A-5B3081ED7D98}.Release|x64.ActiveCfg = Release|iPhone
		{977A5F48-B0F3-4860-AA1A-5B3081ED7D98}.Release|x86.ActiveCfg = Release|iPhoneSimulator
		{977A5F48-B0F3-4860-AA1A-5B3081ED7D98}.Signed|Any CPU.ActiveCfg = Release|iPhone
		{977A5F48-B0F3-4860-AA1A-5B3081ED7D98}.Signed|ARM.ActiveCfg = Release|iPhone
		{977A5F48-B0F3-4860-AA1A-5B3081ED7D98}.Signed|ARM.Build.0 = Release|iPhone
		{977A5F48-B0F3-4860-AA1A-5B3081ED7D98}.Signed|ARM.Deploy.0 = Release|iPhone
		{977A5F48-B0F3-4860-AA1A-5B3081ED7D98}.Signed|iPhone.ActiveCfg = Release|iPhone
		{977A5F48-B0F3-4860-AA1A-5B3081ED7D98}.Signed|iPhoneSimulator.ActiveCfg = Release|iPhone
		{977A5F48-B0F3-4860-AA1A-5B3081ED7D98}.Signed|Mixed Platforms.ActiveCfg = Release|iPhone
		{977A5F48-B0F3-4860-AA1A-5B3081ED7D98}.Signed|Mixed Platforms.Build.0 = Release|iPhone
		{977A5F48-B0F3-4860-AA1A-5B3081ED7D98}.Signed|Mixed Platforms.Deploy.0 = Release|iPhone
		{977A5F48-B0F3-4860-AA1A-5B3081ED7D98}.Signed|x64.ActiveCfg = Release|iPhone
		{977A5F48-B0F3-4860-AA1A-5B3081ED7D98}.Signed|x86.ActiveCfg = Release|iPhone
		{92CD4A69-950A-45FE-B8EA-774BA69E7482}.Debug|Any CPU.ActiveCfg = Debug|Any CPU
		{92CD4A69-950A-45FE-B8EA-774BA69E7482}.Debug|Any CPU.Build.0 = Debug|Any CPU
		{92CD4A69-950A-45FE-B8EA-774BA69E7482}.Debug|Any CPU.Deploy.0 = Debug|Any CPU
		{92CD4A69-950A-45FE-B8EA-774BA69E7482}.Debug|ARM.ActiveCfg = Debug|ARM
		{92CD4A69-950A-45FE-B8EA-774BA69E7482}.Debug|ARM.Build.0 = Debug|ARM
		{92CD4A69-950A-45FE-B8EA-774BA69E7482}.Debug|ARM.Deploy.0 = Debug|ARM
		{92CD4A69-950A-45FE-B8EA-774BA69E7482}.Debug|iPhone.ActiveCfg = Debug|Any CPU
		{92CD4A69-950A-45FE-B8EA-774BA69E7482}.Debug|iPhoneSimulator.ActiveCfg = Debug|Any CPU
		{92CD4A69-950A-45FE-B8EA-774BA69E7482}.Debug|Mixed Platforms.ActiveCfg = Debug|x86
		{92CD4A69-950A-45FE-B8EA-774BA69E7482}.Debug|Mixed Platforms.Build.0 = Debug|x86
		{92CD4A69-950A-45FE-B8EA-774BA69E7482}.Debug|Mixed Platforms.Deploy.0 = Debug|x86
		{92CD4A69-950A-45FE-B8EA-774BA69E7482}.Debug|x64.ActiveCfg = Debug|Any CPU
		{92CD4A69-950A-45FE-B8EA-774BA69E7482}.Debug|x86.ActiveCfg = Debug|x86
		{92CD4A69-950A-45FE-B8EA-774BA69E7482}.Debug|x86.Build.0 = Debug|x86
		{92CD4A69-950A-45FE-B8EA-774BA69E7482}.Debug|x86.Deploy.0 = Debug|x86
		{92CD4A69-950A-45FE-B8EA-774BA69E7482}.Release|Any CPU.ActiveCfg = Release|Any CPU
		{92CD4A69-950A-45FE-B8EA-774BA69E7482}.Release|Any CPU.Build.0 = Release|Any CPU
		{92CD4A69-950A-45FE-B8EA-774BA69E7482}.Release|Any CPU.Deploy.0 = Release|Any CPU
		{92CD4A69-950A-45FE-B8EA-774BA69E7482}.Release|ARM.ActiveCfg = Release|ARM
		{92CD4A69-950A-45FE-B8EA-774BA69E7482}.Release|ARM.Build.0 = Release|ARM
		{92CD4A69-950A-45FE-B8EA-774BA69E7482}.Release|ARM.Deploy.0 = Release|ARM
		{92CD4A69-950A-45FE-B8EA-774BA69E7482}.Release|iPhone.ActiveCfg = Release|Any CPU
		{92CD4A69-950A-45FE-B8EA-774BA69E7482}.Release|iPhoneSimulator.ActiveCfg = Release|Any CPU
		{92CD4A69-950A-45FE-B8EA-774BA69E7482}.Release|Mixed Platforms.ActiveCfg = Release|x86
		{92CD4A69-950A-45FE-B8EA-774BA69E7482}.Release|Mixed Platforms.Build.0 = Release|x86
		{92CD4A69-950A-45FE-B8EA-774BA69E7482}.Release|Mixed Platforms.Deploy.0 = Release|x86
		{92CD4A69-950A-45FE-B8EA-774BA69E7482}.Release|x64.ActiveCfg = Release|Any CPU
		{92CD4A69-950A-45FE-B8EA-774BA69E7482}.Release|x86.ActiveCfg = Release|x86
		{92CD4A69-950A-45FE-B8EA-774BA69E7482}.Release|x86.Build.0 = Release|x86
		{92CD4A69-950A-45FE-B8EA-774BA69E7482}.Release|x86.Deploy.0 = Release|x86
		{92CD4A69-950A-45FE-B8EA-774BA69E7482}.Signed|Any CPU.ActiveCfg = Release|Any CPU
		{92CD4A69-950A-45FE-B8EA-774BA69E7482}.Signed|Any CPU.Build.0 = Release|Any CPU
		{92CD4A69-950A-45FE-B8EA-774BA69E7482}.Signed|Any CPU.Deploy.0 = Release|Any CPU
		{92CD4A69-950A-45FE-B8EA-774BA69E7482}.Signed|ARM.ActiveCfg = Release|ARM
		{92CD4A69-950A-45FE-B8EA-774BA69E7482}.Signed|ARM.Build.0 = Release|ARM
		{92CD4A69-950A-45FE-B8EA-774BA69E7482}.Signed|ARM.Deploy.0 = Release|ARM
		{92CD4A69-950A-45FE-B8EA-774BA69E7482}.Signed|iPhone.ActiveCfg = Release|Any CPU
		{92CD4A69-950A-45FE-B8EA-774BA69E7482}.Signed|iPhoneSimulator.ActiveCfg = Release|Any CPU
		{92CD4A69-950A-45FE-B8EA-774BA69E7482}.Signed|Mixed Platforms.ActiveCfg = Release|x86
		{92CD4A69-950A-45FE-B8EA-774BA69E7482}.Signed|Mixed Platforms.Build.0 = Release|x86
		{92CD4A69-950A-45FE-B8EA-774BA69E7482}.Signed|Mixed Platforms.Deploy.0 = Release|x86
		{92CD4A69-950A-45FE-B8EA-774BA69E7482}.Signed|x64.ActiveCfg = Release|Any CPU
		{92CD4A69-950A-45FE-B8EA-774BA69E7482}.Signed|x86.ActiveCfg = Release|x86
		{92CD4A69-950A-45FE-B8EA-774BA69E7482}.Signed|x86.Build.0 = Release|x86
		{92CD4A69-950A-45FE-B8EA-774BA69E7482}.Signed|x86.Deploy.0 = Release|x86
	EndGlobalSection
	GlobalSection(SolutionProperties) = preSolution
		HideSolutionNode = FALSE
	EndGlobalSection
	GlobalSection(NestedProjects) = preSolution
		{D8BBC92A-B213-463B-911D-3A106F91D5F9} = {45E57CDC-7178-4915-8D0B-CF80F5E44AF6}
		{A2500BD2-A9A2-4085-9978-DEE3675B02DD} = {45E57CDC-7178-4915-8D0B-CF80F5E44AF6}
		{4864F1AA-A4B9-4F32-B319-A9BAC7D1B200} = {45E57CDC-7178-4915-8D0B-CF80F5E44AF6}
		{46AE537A-1143-48A4-B9A4-4B2C7BD9AB1D} = {45E57CDC-7178-4915-8D0B-CF80F5E44AF6}
		{7C1A9BC1-3E60-4673-AC08-AC8399032D49} = {45E57CDC-7178-4915-8D0B-CF80F5E44AF6}
		{D3C7CD26-984A-46D1-8618-8363199F1573} = {45E57CDC-7178-4915-8D0B-CF80F5E44AF6}
		{36A77431-95A0-4AA7-924A-A8F6C6C631C6} = {45E57CDC-7178-4915-8D0B-CF80F5E44AF6}
		{977A5F48-B0F3-4860-AA1A-5B3081ED7D98} = {45E57CDC-7178-4915-8D0B-CF80F5E44AF6}
		{92CD4A69-950A-45FE-B8EA-774BA69E7482} = {45E57CDC-7178-4915-8D0B-CF80F5E44AF6}
	EndGlobalSection
EndGlobal
